
Microsoft Visual Studio Solution File, Format Version 12.00
# Visual Studio 15
VisualStudioVersion = 15.0.28307.572
MinimumVisualStudioVersion = 10.0.40219.1
Project("{9A19103F-16F7-4668-BE54-9A1E7A4F7556}") = "MyCoreApplication", "MyCoreApplication\MyCoreApplication.csproj", "{9A6CBC75-E106-4C9A-862D-AEB39FE0AF31}"
EndProject
Project("{FAE04EC0-301F-11D3-BF4B-00C04F79EFBC}") = "MyCoreApplication.Core", "MyCoreApplication.Core\MyCoreApplication.Core.csproj", "{AE9A38EC-450A-4EE9-B18F-63D4965CEA61}"
EndProject
Project("{FAE04EC0-301F-11D3-BF4B-00C04F79EFBC}") = "MyCoreApplication.Data", "MyCoreApplication.Data\MyCoreApplication.Data.csproj", "{554E77B4-7DA1-4B6B-92BB-C31D88F73BAE}"
EndProject
Global
	GlobalSection(SolutionConfigurationPlatforms) = preSolution
		Debug|Any CPU = Debug|Any CPU
		Release|Any CPU = Release|Any CPU
	EndGlobalSection
	GlobalSection(ProjectConfigurationPlatforms) = postSolution
		{9A6CBC75-E106-4C9A-862D-AEB39FE0AF31}.Debug|Any CPU.ActiveCfg = Debug|Any CPU
		{9A6CBC75-E106-4C9A-862D-AEB39FE0AF31}.Debug|Any CPU.Build.0 = Debug|Any CPU
		{9A6CBC75-E106-4C9A-862D-AEB39FE0AF31}.Release|Any CPU.ActiveCfg = Release|Any CPU
		{9A6CBC75-E106-4C9A-862D-AEB39FE0AF31}.Release|Any CPU.Build.0 = Release|Any CPU
		{AE9A38EC-450A-4EE9-B18F-63D4965CEA61}.Debug|Any CPU.ActiveCfg = Debug|Any CPU
		{AE9A38EC-450A-4EE9-B18F-63D4965CEA61}.Debug|Any CPU.Build.0 = Debug|Any CPU
		{AE9A38EC-450A-4EE9-B18F-63D4965CEA61}.Release|Any CPU.ActiveCfg = Release|Any CPU
		{AE9A38EC-450A-4EE9-B18F-63D4965CEA61}.Release|Any CPU.Build.0 = Release|Any CPU
		{554E77B4-7DA1-4B6B-92BB-C31D88F73BAE}.Debug|Any CPU.ActiveCfg = Debug|Any CPU
		{554E77B4-7DA1-4B6B-92BB-C31D88F73BAE}.Debug|Any CPU.Build.0 = Debug|Any CPU
		{554E77B4-7DA1-4B6B-92BB-C31D88F73BAE}.Release|Any CPU.ActiveCfg = Release|Any CPU
		{554E77B4-7DA1-4B6B-92BB-C31D88F73BAE}.Release|Any CPU.Build.0 = Release|Any CPU
	EndGlobalSection
	GlobalSection(SolutionProperties) = preSolution
		HideSolutionNode = FALSE
	EndGlobalSection
	GlobalSection(ExtensibilityGlobals) = postSolution
		SolutionGuid = {8DB6BB54-CA63-4B4D-82F4-C5DFB5F9D28B}
	EndGlobalSection
EndGlobal
